// !$*UTF8*$!
{
	archiveVersion = 1;
	classes = {
	};
	objectVersion = 77;
	objects = {

/* Begin PBXBuildFile section */
		E29B0DFB2DB17BAC001ECEFC /* WidgetKit.framework in Frameworks */ = {isa = PBXBuildFile; fileRef = E29B0DFA2DB17BAC001ECEFC /* WidgetKit.framework */; };
		E29B0DFD2DB17BAC001ECEFC /* SwiftUI.framework in Frameworks */ = {isa = PBXBuildFile; fileRef = E29B0DFC2DB17BAC001ECEFC /* SwiftUI.framework */; };
		E29B0E0E2DB17BAE001ECEFC /* UnlockFItWidgetExtension.appex in Embed Foundation Extensions */ = {isa = PBXBuildFile; fileRef = E29B0DF82DB17BAC001ECEFC /* UnlockFItWidgetExtension.appex */; settings = {ATTRIBUTES = (RemoveHeadersOnCopy, ); }; };
		E29B0E152DB17BE3001ECEFC /* ActivityKit.framework in Frameworks */ = {isa = PBXBuildFile; fileRef = E29B0E142DB17BE3001ECEFC /* ActivityKit.framework */; };
/* End PBXBuildFile section */

/* Begin PBXContainerItemProxy section */
		E29B0E0C2DB17BAE001ECEFC /* PBXContainerItemProxy */ = {
			isa = PBXContainerItemProxy;
			containerPortal = E2C3826F2D019AEE00071E9B /* Project object */;
			proxyType = 1;
			remoteGlobalIDString = E29B0DF72DB17BAC001ECEFC;
			remoteInfo = UnlockFItWidgetExtension;
		};
		E2C382882D019AEF00071E9B /* PBXContainerItemProxy */ = {
			isa = PBXContainerItemProxy;
			containerPortal = E2C3826F2D019AEE00071E9B /* Project object */;
			proxyType = 1;
			remoteGlobalIDString = E2C382762D019AEE00071E9B;
			remoteInfo = UnlockFIt;
		};
		E2C382922D019AEF00071E9B /* PBXContainerItemProxy */ = {
			isa = PBXContainerItemProxy;
			containerPortal = E2C3826F2D019AEE00071E9B /* Project object */;
			proxyType = 1;
			remoteGlobalIDString = E2C382762D019AEE00071E9B;
			remoteInfo = UnlockFIt;
		};
/* End PBXContainerItemProxy section */

/* Begin PBXCopyFilesBuildPhase section */
		E29B0E132DB17BAE001ECEFC /* Embed Foundation Extensions */ = {
			isa = PBXCopyFilesBuildPhase;
			buildActionMask = 2147483647;
			dstPath = "";
			dstSubfolderSpec = 13;
			files = (
				E29B0E0E2DB17BAE001ECEFC /* UnlockFItWidgetExtension.appex in Embed Foundation Extensions */,
			);
			name = "Embed Foundation Extensions";
			runOnlyForDeploymentPostprocessing = 0;
		};
/* End PBXCopyFilesBuildPhase section */

/* Begin PBXFileReference section */
		E29B0DF82DB17BAC001ECEFC /* UnlockFItWidgetExtension.appex */ = {isa = PBXFileReference; explicitFileType = "wrapper.app-extension"; includeInIndex = 0; path = UnlockFItWidgetExtension.appex; sourceTree = BUILT_PRODUCTS_DIR; };
		E29B0DFA2DB17BAC001ECEFC /* WidgetKit.framework */ = {isa = PBXFileReference; lastKnownFileType = wrapper.framework; name = WidgetKit.framework; path = System/Library/Frameworks/WidgetKit.framework; sourceTree = SDKROOT; };
		E29B0DFC2DB17BAC001ECEFC /* SwiftUI.framework */ = {isa = PBXFileReference; lastKnownFileType = wrapper.framework; name = SwiftUI.framework; path = System/Library/Frameworks/SwiftUI.framework; sourceTree = SDKROOT; };
		E29B0E142DB17BE3001ECEFC /* ActivityKit.framework */ = {isa = PBXFileReference; lastKnownFileType = wrapper.framework; name = ActivityKit.framework; path = System/Library/Frameworks/ActivityKit.framework; sourceTree = SDKROOT; };
		E2BE61A02DB088BC0026B86F /* Info.plist */ = {isa = PBXFileReference; lastKnownFileType = text.plist.xml; path = Info.plist; sourceTree = "<group>"; };
		E2C382772D019AEE00071E9B /* UnlockFIt.app */ = {isa = PBXFileReference; explicitFileType = wrapper.application; includeInIndex = 0; path = UnlockFIt.app; sourceTree = BUILT_PRODUCTS_DIR; };
		E2C382872D019AEF00071E9B /* UnlockFItTests.xctest */ = {isa = PBXFileReference; explicitFileType = wrapper.cfbundle; includeInIndex = 0; path = UnlockFItTests.xctest; sourceTree = BUILT_PRODUCTS_DIR; };
		E2C382912D019AEF00071E9B /* UnlockFItUITests.xctest */ = {isa = PBXFileReference; explicitFileType = wrapper.cfbundle; includeInIndex = 0; path = UnlockFItUITests.xctest; sourceTree = BUILT_PRODUCTS_DIR; };
/* End PBXFileReference section */

/* Begin PBXFileSystemSynchronizedBuildFileExceptionSet section */
		E29B0E0F2DB17BAE001ECEFC /* Exceptions for "UnlockFItWidget" folder in "UnlockFItWidgetExtension" target */ = {
			isa = PBXFileSystemSynchronizedBuildFileExceptionSet;
			membershipExceptions = (
				Info.plist,
			);
			target = E29B0DF72DB17BAC001ECEFC /* UnlockFItWidgetExtension */;
		};
		E29B0E182DB18CEE001ECEFC /* Exceptions for "UnlockFIt" folder in "UnlockFItWidgetExtension" target */ = {
			isa = PBXFileSystemSynchronizedBuildFileExceptionSet;
			membershipExceptions = (
				ScreenTimeActivityAttributes.swift,
				ScreenTimeLiveActivity.swift,
			);
			target = E29B0DF72DB17BAC001ECEFC /* UnlockFItWidgetExtension */;
		};
/* End PBXFileSystemSynchronizedBuildFileExceptionSet section */

/* Begin PBXFileSystemSynchronizedRootGroup section */
		E29B0DFE2DB17BAC001ECEFC /* UnlockFItWidget */ = {
			isa = PBXFileSystemSynchronizedRootGroup;
			exceptions = (
				E29B0E0F2DB17BAE001ECEFC /* Exceptions for "UnlockFItWidget" folder in "UnlockFItWidgetExtension" target */,
			);
			path = UnlockFItWidget;
			sourceTree = "<group>";
		};
		E2C382792D019AEE00071E9B /* UnlockFIt */ = {
			isa = PBXFileSystemSynchronizedRootGroup;
			exceptions = (
				E29B0E182DB18CEE001ECEFC /* Exceptions for "UnlockFIt" folder in "UnlockFItWidgetExtension" target */,
			);
			path = UnlockFIt;
			sourceTree = "<group>";
		};
		E2C3828A2D019AEF00071E9B /* UnlockFItTests */ = {
			isa = PBXFileSystemSynchronizedRootGroup;
			path = UnlockFItTests;
			sourceTree = "<group>";
		};
		E2C382942D019AEF00071E9B /* UnlockFItUITests */ = {
			isa = PBXFileSystemSynchronizedRootGroup;
			path = UnlockFItUITests;
			sourceTree = "<group>";
		};
/* End PBXFileSystemSynchronizedRootGroup section */

/* Begin PBXFrameworksBuildPhase section */
		E29B0DF52DB17BAC001ECEFC /* Frameworks */ = {
			isa = PBXFrameworksBuildPhase;
			buildActionMask = 2147483647;
			files = (
				E29B0E152DB17BE3001ECEFC /* ActivityKit.framework in Frameworks */,
				E29B0DFD2DB17BAC001ECEFC /* SwiftUI.framework in Frameworks */,
				E29B0DFB2DB17BAC001ECEFC /* WidgetKit.framework in Frameworks */,
			);
			runOnlyForDeploymentPostprocessing = 0;
		};
		E2C382742D019AEE00071E9B /* Frameworks */ = {
			isa = PBXFrameworksBuildPhase;
			buildActionMask = 2147483647;
			files = (
			);
			runOnlyForDeploymentPostprocessing = 0;
		};
		E2C382842D019AEF00071E9B /* Frameworks */ = {
			isa = PBXFrameworksBuildPhase;
			buildActionMask = 2147483647;
			files = (
			);
			runOnlyForDeploymentPostprocessing = 0;
		};
		E2C3828E2D019AEF00071E9B /* Frameworks */ = {
			isa = PBXFrameworksBuildPhase;
			buildActionMask = 2147483647;
			files = (
			);
			runOnlyForDeploymentPostprocessing = 0;
		};
/* End PBXFrameworksBuildPhase section */

/* Begin PBXGroup section */
		E29B0DF92DB17BAC001ECEFC /* Frameworks */ = {
			isa = PBXGroup;
			children = (
				E29B0E142DB17BE3001ECEFC /* ActivityKit.framework */,
				E29B0DFA2DB17BAC001ECEFC /* WidgetKit.framework */,
				E29B0DFC2DB17BAC001ECEFC /* SwiftUI.framework */,
			);
			name = Frameworks;
			sourceTree = "<group>";
		};
		E2C3826E2D019AEE00071E9B = {
			isa = PBXGroup;
			children = (
				E2BE61A02DB088BC0026B86F /* Info.plist */,
				E2C382792D019AEE00071E9B /* UnlockFIt */,
				E2C3828A2D019AEF00071E9B /* UnlockFItTests */,
				E2C382942D019AEF00071E9B /* UnlockFItUITests */,
				E29B0DFE2DB17BAC001ECEFC /* UnlockFItWidget */,
				E29B0DF92DB17BAC001ECEFC /* Frameworks */,
				E2C382782D019AEE00071E9B /* Products */,
			);
			sourceTree = "<group>";
		};
		E2C382782D019AEE00071E9B /* Products */ = {
			isa = PBXGroup;
			children = (
				E2C382772D019AEE00071E9B /* UnlockFIt.app */,
				E2C382872D019AEF00071E9B /* UnlockFItTests.xctest */,
				E2C382912D019AEF00071E9B /* UnlockFItUITests.xctest */,
				E29B0DF82DB17BAC001ECEFC /* UnlockFItWidgetExtension.appex */,
			);
			name = Products;
			sourceTree = "<group>";
		};
/* End PBXGroup section */

/* Begin PBXNativeTarget section */
		E29B0DF72DB17BAC001ECEFC /* UnlockFItWidgetExtension */ = {
			isa = PBXNativeTarget;
			buildConfigurationList = E29B0E102DB17BAE001ECEFC /* Build configuration list for PBXNativeTarget "UnlockFItWidgetExtension" */;
			buildPhases = (
				E29B0DF42DB17BAC001ECEFC /* Sources */,
				E29B0DF52DB17BAC001ECEFC /* Frameworks */,
				E29B0DF62DB17BAC001ECEFC /* Resources */,
			);
			buildRules = (
			);
			dependencies = (
			);
			fileSystemSynchronizedGroups = (
				E29B0DFE2DB17BAC001ECEFC /* UnlockFItWidget */,
			);
			name = UnlockFItWidgetExtension;
			packageProductDependencies = (
			);
			productName = UnlockFItWidgetExtension;
			productReference = E29B0DF82DB17BAC001ECEFC /* UnlockFItWidgetExtension.appex */;
			productType = "com.apple.product-type.app-extension";
		};
		E2C382762D019AEE00071E9B /* UnlockFIt */ = {
			isa = PBXNativeTarget;
			buildConfigurationList = E2C3829B2D019AEF00071E9B /* Build configuration list for PBXNativeTarget "UnlockFIt" */;
			buildPhases = (
				E2C382732D019AEE00071E9B /* Sources */,
				E2C382742D019AEE00071E9B /* Frameworks */,
				E2C382752D019AEE00071E9B /* Resources */,
				E29B0E132DB17BAE001ECEFC /* Embed Foundation Extensions */,
			);
			buildRules = (
			);
			dependencies = (
				E29B0E0D2DB17BAE001ECEFC /* PBXTargetDependency */,
			);
			fileSystemSynchronizedGroups = (
				E2C382792D019AEE00071E9B /* UnlockFIt */,
			);
			name = UnlockFIt;
			packageProductDependencies = (
			);
			productName = UnlockFIt;
			productReference = E2C382772D019AEE00071E9B /* UnlockFIt.app */;
			productType = "com.apple.product-type.application";
		};
		E2C382862D019AEF00071E9B /* UnlockFItTests */ = {
			isa = PBXNativeTarget;
			buildConfigurationList = E2C3829E2D019AEF00071E9B /* Build configuration list for PBXNativeTarget "UnlockFItTests" */;
			buildPhases = (
				E2C382832D019AEF00071E9B /* Sources */,
				E2C382842D019AEF00071E9B /* Frameworks */,
				E2C382852D019AEF00071E9B /* Resources */,
			);
			buildRules = (
			);
			dependencies = (
				E2C382892D019AEF00071E9B /* PBXTargetDependency */,
			);
			fileSystemSynchronizedGroups = (
				E2C3828A2D019AEF00071E9B /* UnlockFItTests */,
			);
			name = UnlockFItTests;
			packageProductDependencies = (
			);
			productName = UnlockFItTests;
			productReference = E2C382872D019AEF00071E9B /* UnlockFItTests.xctest */;
			productType = "com.apple.product-type.bundle.unit-test";
		};
		E2C382902D019AEF00071E9B /* UnlockFItUITests */ = {
			isa = PBXNativeTarget;
			buildConfigurationList = E2C382A12D019AEF00071E9B /* Build configuration list for PBXNativeTarget "UnlockFItUITests" */;
			buildPhases = (
				E2C3828D2D019AEF00071E9B /* Sources */,
				E2C3828E2D019AEF00071E9B /* Frameworks */,
				E2C3828F2D019AEF00071E9B /* Resources */,
			);
			buildRules = (
			);
			dependencies = (
				E2C382932D019AEF00071E9B /* PBXTargetDependency */,
			);
			fileSystemSynchronizedGroups = (
				E2C382942D019AEF00071E9B /* UnlockFItUITests */,
			);
			name = UnlockFItUITests;
			packageProductDependencies = (
			);
			productName = UnlockFItUITests;
			productReference = E2C382912D019AEF00071E9B /* UnlockFItUITests.xctest */;
			productType = "com.apple.product-type.bundle.ui-testing";
		};
/* End PBXNativeTarget section */

/* Begin PBXProject section */
		E2C3826F2D019AEE00071E9B /* Project object */ = {
			isa = PBXProject;
			attributes = {
				BuildIndependentTargetsInParallel = 1;
				LastSwiftUpdateCheck = 1610;
				LastUpgradeCheck = 1610;
				TargetAttributes = {
					E29B0DF72DB17BAC001ECEFC = {
						CreatedOnToolsVersion = 16.1;
					};
					E2C382762D019AEE00071E9B = {
						CreatedOnToolsVersion = 16.1;
					};
					E2C382862D019AEF00071E9B = {
						CreatedOnToolsVersion = 16.1;
						TestTargetID = E2C382762D019AEE00071E9B;
					};
					E2C382902D019AEF00071E9B = {
						CreatedOnToolsVersion = 16.1;
						TestTargetID = E2C382762D019AEE00071E9B;
					};
				};
			};
			buildConfigurationList = E2C382722D019AEE00071E9B /* Build configuration list for PBXProject "UnlockFIt" */;
			developmentRegion = en;
			hasScannedForEncodings = 0;
			knownRegions = (
				en,
				Base,
			);
			mainGroup = E2C3826E2D019AEE00071E9B;
			minimizedProjectReferenceProxies = 1;
			preferredProjectObjectVersion = 77;
			productRefGroup = E2C382782D019AEE00071E9B /* Products */;
			projectDirPath = "";
			projectRoot = "";
			targets = (
				E2C382762D019AEE00071E9B /* UnlockFIt */,
				E2C382862D019AEF00071E9B /* UnlockFItTests */,
				E2C382902D019AEF00071E9B /* UnlockFItUITests */,
				E29B0DF72DB17BAC001ECEFC /* UnlockFItWidgetExtension */,
			);
		};
/* End PBXProject section */

/* Begin PBXResourcesBuildPhase section */
		E29B0DF62DB17BAC001ECEFC /* Resources */ = {
			isa = PBXResourcesBuildPhase;
			buildActionMask = 2147483647;
			files = (
			);
			runOnlyForDeploymentPostprocessing = 0;
		};
		E2C382752D019AEE00071E9B /* Resources */ = {
			isa = PBXResourcesBuildPhase;
			buildActionMask = 2147483647;
			files = (
			);
			runOnlyForDeploymentPostprocessing = 0;
		};
		E2C382852D019AEF00071E9B /* Resources */ = {
			isa = PBXResourcesBuildPhase;
			buildActionMask = 2147483647;
			files = (
			);
			runOnlyForDeploymentPostprocessing = 0;
		};
		E2C3828F2D019AEF00071E9B /* Resources */ = {
			isa = PBXResourcesBuildPhase;
			buildActionMask = 2147483647;
			files = (
			);
			runOnlyForDeploymentPostprocessing = 0;
		};
/* End PBXResourcesBuildPhase section */

/* Begin PBXSourcesBuildPhase section */
		E29B0DF42DB17BAC001ECEFC /* Sources */ = {
			isa = PBXSourcesBuildPhase;
			buildActionMask = 2147483647;
			files = (
			);
			runOnlyForDeploymentPostprocessing = 0;
		};
		E2C382732D019AEE00071E9B /* Sources */ = {
			isa = PBXSourcesBuildPhase;
			buildActionMask = 2147483647;
			files = (
			);
			runOnlyForDeploymentPostprocessing = 0;
		};
		E2C382832D019AEF00071E9B /* Sources */ = {
			isa = PBXSourcesBuildPhase;
			buildActionMask = 2147483647;
			files = (
			);
			runOnlyForDeploymentPostprocessing = 0;
		};
		E2C3828D2D019AEF00071E9B /* Sources */ = {
			isa = PBXSourcesBuildPhase;
			buildActionMask = 2147483647;
			files = (
			);
			runOnlyForDeploymentPostprocessing = 0;
		};
/* End PBXSourcesBuildPhase section */

/* Begin PBXTargetDependency section */
		E29B0E0D2DB17BAE001ECEFC /* PBXTargetDependency */ = {
			isa = PBXTargetDependency;
			target = E29B0DF72DB17BAC001ECEFC /* UnlockFItWidgetExtension */;
			targetProxy = E29B0E0C2DB17BAE001ECEFC /* PBXContainerItemProxy */;
		};
		E2C382892D019AEF00071E9B /* PBXTargetDependency */ = {
			isa = PBXTargetDependency;
			target = E2C382762D019AEE00071E9B /* UnlockFIt */;
			targetProxy = E2C382882D019AEF00071E9B /* PBXContainerItemProxy */;
		};
		E2C382932D019AEF00071E9B /* PBXTargetDependency */ = {
			isa = PBXTargetDependency;
			target = E2C382762D019AEE00071E9B /* UnlockFIt */;
			targetProxy = E2C382922D019AEF00071E9B /* PBXContainerItemProxy */;
		};
/* End PBXTargetDependency section */

/* Begin XCBuildConfiguration section */
		E29B0E112DB17BAE001ECEFC /* Debug */ = {
			isa = XCBuildConfiguration;
			buildSettings = {
				ASSETCATALOG_COMPILER_GLOBAL_ACCENT_COLOR_NAME = AccentColor;
				ASSETCATALOG_COMPILER_WIDGET_BACKGROUND_COLOR_NAME = WidgetBackground;
				CODE_SIGN_STYLE = Automatic;
				CURRENT_PROJECT_VERSION = 1;
				DEVELOPMENT_TEAM = ZRNY2B5Z2B;
				GENERATE_INFOPLIST_FILE = YES;
				INFOPLIST_FILE = UnlockFItWidget/Info.plist;
				INFOPLIST_KEY_CFBundleDisplayName = UnlockFItWidget;
				INFOPLIST_KEY_NSHumanReadableCopyright = "";
				LD_RUNPATH_SEARCH_PATHS = (
					"$(inherited)",
					"@executable_path/Frameworks",
					"@executable_path/../../Frameworks",
				);
				MARKETING_VERSION = 1.0;
				PRODUCT_BUNDLE_IDENTIFIER = com.zlac300.UnlockFIt.UnlockFItWidget;
				PRODUCT_NAME = "$(TARGET_NAME)";
				SKIP_INSTALL = YES;
				SWIFT_EMIT_LOC_STRINGS = YES;
				SWIFT_VERSION = 5.0;
				TARGETED_DEVICE_FAMILY = "1,2";
			};
			name = Debug;
		};
		E29B0E122DB17BAE001ECEFC /* Release */ = {
			isa = XCBuildConfiguration;
			buildSettings = {
				ASSETCATALOG_COMPILER_GLOBAL_ACCENT_COLOR_NAME = AccentColor;
				ASSETCATALOG_COMPILER_WIDGET_BACKGROUND_COLOR_NAME = WidgetBackground;
				CODE_SIGN_STYLE = Automatic;
				CURRENT_PROJECT_VERSION = 1;
				DEVELOPMENT_TEAM = ZRNY2B5Z2B;
				GENERATE_INFOPLIST_FILE = YES;
				INFOPLIST_FILE = UnlockFItWidget/Info.plist;
				INFOPLIST_KEY_CFBundleDisplayName = UnlockFItWidget;
				INFOPLIST_KEY_NSHumanReadableCopyright = "";
				LD_RUNPATH_SEARCH_PATHS = (
					"$(inherited)",
					"@executable_path/Frameworks",
					"@executable_path/../../Frameworks",
				);
				MARKETING_VERSION = 1.0;
				PRODUCT_BUNDLE_IDENTIFIER = com.zlac300.UnlockFIt.UnlockFItWidget;
				PRODUCT_NAME = "$(TARGET_NAME)";
				SKIP_INSTALL = YES;
				SWIFT_EMIT_LOC_STRINGS = YES;
				SWIFT_VERSION = 5.0;
				TARGETED_DEVICE_FAMILY = "1,2";
			};
			name = Release;
		};
		E2C382992D019AEF00071E9B /* Debug */ = {
			isa = XCBuildConfiguration;
			buildSettings = {
				ALWAYS_SEARCH_USER_PATHS = NO;
				ASSETCATALOG_COMPILER_GENERATE_SWIFT_ASSET_SYMBOL_EXTENSIONS = YES;
				CLANG_ANALYZER_NONNULL = YES;
				CLANG_ANALYZER_NUMBER_OBJECT_CONVERSION = YES_AGGRESSIVE;
				CLANG_CXX_LANGUAGE_STANDARD = "gnu++20";
				CLANG_ENABLE_MODULES = YES;
				CLANG_ENABLE_OBJC_ARC = YES;
				CLANG_ENABLE_OBJC_WEAK = YES;
				CLANG_WARN_BLOCK_CAPTURE_AUTORELEASING = YES;
				CLANG_WARN_BOOL_CONVERSION = YES;
				CLANG_WARN_COMMA = YES;
				CLANG_WARN_CONSTANT_CONVERSION = YES;
				CLANG_WARN_DEPRECATED_OBJC_IMPLEMENTATIONS = YES;
				CLANG_WARN_DIRECT_OBJC_ISA_USAGE = YES_ERROR;
				CLANG_WARN_DOCUMENTATION_COMMENTS = YES;
				CLANG_WARN_EMPTY_BODY = YES;
				CLANG_WARN_ENUM_CONVERSION = YES;
				CLANG_WARN_INFINITE_RECURSION = YES;
				CLANG_WARN_INT_CONVERSION = YES;
				CLANG_WARN_NON_LITERAL_NULL_CONVERSION = YES;
				CLANG_WARN_OBJC_IMPLICIT_RETAIN_SELF = YES;
				CLANG_WARN_OBJC_LITERAL_CONVERSION = YES;
				CLANG_WARN_OBJC_ROOT_CLASS = YES_ERROR;
				CLANG_WARN_QUOTED_INCLUDE_IN_FRAMEWORK_HEADER = YES;
				CLANG_WARN_RANGE_LOOP_ANALYSIS = YES;
				CLANG_WARN_STRICT_PROTOTYPES = YES;
				CLANG_WARN_SUSPICIOUS_MOVE = YES;
				CLANG_WARN_UNGUARDED_AVAILABILITY = YES_AGGRESSIVE;
				CLANG_WARN_UNREACHABLE_CODE = YES;
				CLANG_WARN__DUPLICATE_METHOD_MATCH = YES;
				COPY_PHASE_STRIP = NO;
				DEBUG_INFORMATION_FORMAT = dwarf;
				ENABLE_STRICT_OBJC_MSGSEND = YES;
				ENABLE_TESTABILITY = YES;
				ENABLE_USER_SCRIPT_SANDBOXING = YES;
				GCC_C_LANGUAGE_STANDARD = gnu17;
				GCC_DYNAMIC_NO_PIC = NO;
				GCC_NO_COMMON_BLOCKS = YES;
				GCC_OPTIMIZATION_LEVEL = 0;
				GCC_PREPROCESSOR_DEFINITIONS = (
					"DEBUG=1",
					"$(inherited)",
				);
				GCC_WARN_64_TO_32_BIT_CONVERSION = YES;
				GCC_WARN_ABOUT_RETURN_TYPE = YES_ERROR;
				GCC_WARN_UNDECLARED_SELECTOR = YES;
				GCC_WARN_UNINITIALIZED_AUTOS = YES_AGGRESSIVE;
				GCC_WARN_UNUSED_FUNCTION = YES;
				GCC_WARN_UNUSED_VARIABLE = YES;
				INFOPLIST_FILE = "/Users/woozy/Documents/Final Year Project/PROJECT/product/UnlockFIt/Info.plist";
				INFOPLIST_KEY_NSHealthShareUsageDescription = "";
				INFOPLIST_KEY_NSHealthUpdateUsageDescription = "";
				INFOPLIST_KEY_NSSensorKitUsageDescription = "";
				INFOPLIST_KEY_NSSystemExtensionUsageDescription = "";
				INFOPLIST_KEY_NSUserTrackingUsageDescription = "";
				IPHONEOS_DEPLOYMENT_TARGET = 18.1;
				LOCALIZATION_PREFERS_STRING_CATALOGS = YES;
				MTL_ENABLE_DEBUG_INFO = INCLUDE_SOURCE;
				MTL_FAST_MATH = YES;
				ONLY_ACTIVE_ARCH = YES;
				SDKROOT = iphoneos;
				SWIFT_ACTIVE_COMPILATION_CONDITIONS = "DEBUG $(inherited)";
				SWIFT_OPTIMIZATION_LEVEL = "-Onone";
			};
			name = Debug;
		};
		E2C3829A2D019AEF00071E9B /* Release */ = {
			isa = XCBuildConfiguration;
			buildSettings = {
				ALWAYS_SEARCH_USER_PATHS = NO;
				ASSETCATALOG_COMPILER_GENERATE_SWIFT_ASSET_SYMBOL_EXTENSIONS = YES;
				CLANG_ANALYZER_NONNULL = YES;
				CLANG_ANALYZER_NUMBER_OBJECT_CONVERSION = YES_AGGRESSIVE;
				CLANG_CXX_LANGUAGE_STANDARD = "gnu++20";
				CLANG_ENABLE_MODULES = YES;
				CLANG_ENABLE_OBJC_ARC = YES;
				CLANG_ENABLE_OBJC_WEAK = YES;
				CLANG_WARN_BLOCK_CAPTURE_AUTORELEASING = YES;
				CLANG_WARN_BOOL_CONVERSION = YES;
				CLANG_WARN_COMMA = YES;
				CLANG_WARN_CONSTANT_CONVERSION = YES;
				CLANG_WARN_DEPRECATED_OBJC_IMPLEMENTATIONS = YES;
				CLANG_WARN_DIRECT_OBJC_ISA_USAGE = YES_ERROR;
				CLANG_WARN_DOCUMENTATION_COMMENTS = YES;
				CLANG_WARN_EMPTY_BODY = YES;
				CLANG_WARN_ENUM_CONVERSION = YES;
				CLANG_WARN_INFINITE_RECURSION = YES;
				CLANG_WARN_INT_CONVERSION = YES;
				CLANG_WARN_NON_LITERAL_NULL_CONVERSION = YES;
				CLANG_WARN_OBJC_IMPLICIT_RETAIN_SELF = YES;
				CLANG_WARN_OBJC_LITERAL_CONVERSION = YES;
				CLANG_WARN_OBJC_ROOT_CLASS = YES_ERROR;
				CLANG_WARN_QUOTED_INCLUDE_IN_FRAMEWORK_HEADER = YES;
				CLANG_WARN_RANGE_LOOP_ANALYSIS = YES;
				CLANG_WARN_STRICT_PROTOTYPES = YES;
				CLANG_WARN_SUSPICIOUS_MOVE = YES;
				CLANG_WARN_UNGUARDED_AVAILABILITY = YES_AGGRESSIVE;
				CLANG_WARN_UNREACHABLE_CODE = YES;
				CLANG_WARN__DUPLICATE_METHOD_MATCH = YES;
				COPY_PHASE_STRIP = NO;
				DEBUG_INFORMATION_FORMAT = "dwarf-with-dsym";
				ENABLE_NS_ASSERTIONS = NO;
				ENABLE_STRICT_OBJC_MSGSEND = YES;
				ENABLE_USER_SCRIPT_SANDBOXING = YES;
				GCC_C_LANGUAGE_STANDARD = gnu17;
				GCC_NO_COMMON_BLOCKS = YES;
				GCC_WARN_64_TO_32_BIT_CONVERSION = YES;
				GCC_WARN_ABOUT_RETURN_TYPE = YES_ERROR;
				GCC_WARN_UNDECLARED_SELECTOR = YES;
				GCC_WARN_UNINITIALIZED_AUTOS = YES_AGGRESSIVE;
				GCC_WARN_UNUSED_FUNCTION = YES;
				GCC_WARN_UNUSED_VARIABLE = YES;
				INFOPLIST_FILE = "/Users/woozy/Documents/Final Year Project/PROJECT/product/UnlockFIt/Info.plist";
				INFOPLIST_KEY_NSHealthShareUsageDescription = "";
				INFOPLIST_KEY_NSHealthUpdateUsageDescription = "";
				INFOPLIST_KEY_NSSensorKitUsageDescription = "";
				INFOPLIST_KEY_NSSystemExtensionUsageDescription = "";
				INFOPLIST_KEY_NSUserTrackingUsageDescription = "";
				IPHONEOS_DEPLOYMENT_TARGET = 18.1;
				LOCALIZATION_PREFERS_STRING_CATALOGS = YES;
				MTL_ENABLE_DEBUG_INFO = NO;
				MTL_FAST_MATH = YES;
				SDKROOT = iphoneos;
				SWIFT_COMPILATION_MODE = wholemodule;
				VALIDATE_PRODUCT = YES;
			};
			name = Release;
		};
		E2C3829C2D019AEF00071E9B /* Debug */ = {
			isa = XCBuildConfiguration;
			buildSettings = {
				ASSETCATALOG_COMPILER_APPICON_NAME = AppIcon;
				ASSETCATALOG_COMPILER_GLOBAL_ACCENT_COLOR_NAME = AccentColor;
				CODE_SIGN_ENTITLEMENTS = UnlockFIt/UnlockFIt.entitlements;
				CODE_SIGN_STYLE = Automatic;
				CURRENT_PROJECT_VERSION = 1;
				DEVELOPMENT_ASSET_PATHS = "\"UnlockFIt/Preview Content\"";
				DEVELOPMENT_TEAM = ZRNY2B5Z2B;
				ENABLE_PREVIEWS = YES;
				GENERATE_INFOPLIST_FILE = YES;
				INFOPLIST_KEY_NSHealthShareUsageDescription = "UnlockFit requires access to your health data to track your steps, calories, and exercise time.";
				INFOPLIST_KEY_NSHealthUpdateUsageDescription = "UnlockFit uses your activity data to personalise your fitness goals and progress rings.";
				INFOPLIST_KEY_UIApplicationSceneManifest_Generation = YES;
				INFOPLIST_KEY_UIApplicationSupportsIndirectInputEvents = YES;
				INFOPLIST_KEY_UILaunchScreen_Generation = YES;
				INFOPLIST_KEY_UISupportedInterfaceOrientations_iPad = "UIInterfaceOrientationPortrait UIInterfaceOrientationPortraitUpsideDown UIInterfaceOrientationLandscapeLeft UIInterfaceOrientationLandscapeRight";
				INFOPLIST_KEY_UISupportedInterfaceOrientations_iPhone = "UIInterfaceOrientationPortrait UIInterfaceOrientationLandscapeLeft UIInterfaceOrientationLandscapeRight";
				LD_RUNPATH_SEARCH_PATHS = (
					"$(inherited)",
					"@executable_path/Frameworks",
				);
				MARKETING_VERSION = 1.0;
				PRODUCT_BUNDLE_IDENTIFIER = com.zlac300.UnlockFIt;
				PRODUCT_NAME = "$(TARGET_NAME)";
				SWIFT_EMIT_LOC_STRINGS = YES;
				SWIFT_VERSION = 5.0;
				TARGETED_DEVICE_FAMILY = "1,2";
			};
			name = Debug;
		};
		E2C3829D2D019AEF00071E9B /* Release */ = {
			isa = XCBuildConfiguration;
			buildSettings = {
				ASSETCATALOG_COMPILER_APPICON_NAME = AppIcon;
				ASSETCATALOG_COMPILER_GLOBAL_ACCENT_COLOR_NAME = AccentColor;
				CODE_SIGN_ENTITLEMENTS = UnlockFIt/UnlockFIt.entitlements;
				CODE_SIGN_STYLE = Automatic;
				CURRENT_PROJECT_VERSION = 1;
				DEVELOPMENT_ASSET_PATHS = "\"UnlockFIt/Preview Content\"";
				DEVELOPMENT_TEAM = ZRNY2B5Z2B;
				ENABLE_PREVIEWS = YES;
				GENERATE_INFOPLIST_FILE = YES;
				INFOPLIST_KEY_NSHealthShareUsageDescription = "UnlockFit requires access to your health data to track your steps, calories, and exercise time.";
				INFOPLIST_KEY_NSHealthUpdateUsageDescription = "UnlockFit uses your activity data to personalise your fitness goals and progress rings.";
				INFOPLIST_KEY_UIApplicationSceneManifest_Generation = YES;
				INFOPLIST_KEY_UIApplicationSupportsIndirectInputEvents = YES;
				INFOPLIST_KEY_UILaunchScreen_Generation = YES;
				INFOPLIST_KEY_UISupportedInterfaceOrientations_iPad = "UIInterfaceOrientationPortrait UIInterfaceOrientationPortraitUpsideDown UIInterfaceOrientationLandscapeLeft UIInterfaceOrientationLandscapeRight";
				INFOPLIST_KEY_UISupportedInterfaceOrientations_iPhone = "UIInterfaceOrientationPortrait UIInterfaceOrientationLandscapeLeft UIInterfaceOrientationLandscapeRight";
				LD_RUNPATH_SEARCH_PATHS = (
					"$(inherited)",
					"@executable_path/Frameworks",
				);
				MARKETING_VERSION = 1.0;
				PRODUCT_BUNDLE_IDENTIFIER = com.zlac300.UnlockFIt;
				PRODUCT_NAME = "$(TARGET_NAME)";
				SWIFT_EMIT_LOC_STRINGS = YES;
				SWIFT_VERSION = 5.0;
				TARGETED_DEVICE_FAMILY = "1,2";
			};
			name = Release;
		};
		E2C3829F2D019AEF00071E9B /* Debug */ = {
			isa = XCBuildConfiguration;
			buildSettings = {
				BUNDLE_LOADER = "$(TEST_HOST)";
				CODE_SIGN_STYLE = Automatic;
				CURRENT_PROJECT_VERSION = 1;
				DEVELOPMENT_TEAM = ZRNY2B5Z2B;
				GENERATE_INFOPLIST_FILE = YES;
				IPHONEOS_DEPLOYMENT_TARGET = 18.1;
				MARKETING_VERSION = 1.0;
				PRODUCT_BUNDLE_IDENTIFIER = com.zlac300.UnlockFItTests;
				PRODUCT_NAME = "$(TARGET_NAME)";
				SWIFT_EMIT_LOC_STRINGS = NO;
				SWIFT_VERSION = 5.0;
				TARGETED_DEVICE_FAMILY = "1,2";
				TEST_HOST = "$(BUILT_PRODUCTS_DIR)/UnlockFIt.app/$(BUNDLE_EXECUTABLE_FOLDER_PATH)/UnlockFIt";
			};
			name = Debug;
		};
		E2C382A02D019AEF00071E9B /* Release */ = {
			isa = XCBuildConfiguration;
			buildSettings = {
				BUNDLE_LOADER = "$(TEST_HOST)";
				CODE_SIGN_STYLE = Automatic;
				CURRENT_PROJECT_VERSION = 1;
				DEVELOPMENT_TEAM = ZRNY2B5Z2B;
				GENERATE_INFOPLIST_FILE = YES;
				IPHONEOS_DEPLOYMENT_TARGET = 18.1;
				MARKETING_VERSION = 1.0;
				PRODUCT_BUNDLE_IDENTIFIER = com.zlac300.UnlockFItTests;
				PRODUCT_NAME = "$(TARGET_NAME)";
				SWIFT_EMIT_LOC_STRINGS = NO;
				SWIFT_VERSION = 5.0;
				TARGETED_DEVICE_FAMILY = "1,2";
				TEST_HOST = "$(BUILT_PRODUCTS_DIR)/UnlockFIt.app/$(BUNDLE_EXECUTABLE_FOLDER_PATH)/UnlockFIt";
			};
			name = Release;
		};
		E2C382A22D019AEF00071E9B /* Debug */ = {
			isa = XCBuildConfiguration;
			buildSettings = {
				CODE_SIGN_STYLE = Automatic;
				CURRENT_PROJECT_VERSION = 1;
				DEVELOPMENT_TEAM = ZRNY2B5Z2B;
				GENERATE_INFOPLIST_FILE = YES;
				MARKETING_VERSION = 1.0;
				PRODUCT_BUNDLE_IDENTIFIER = com.zlac300.UnlockFItUITests;
				PRODUCT_NAME = "$(TARGET_NAME)";
				SWIFT_EMIT_LOC_STRINGS = NO;
				SWIFT_VERSION = 5.0;
				TARGETED_DEVICE_FAMILY = "1,2";
				TEST_TARGET_NAME = UnlockFIt;
			};
			name = Debug;
		};
		E2C382A32D019AEF00071E9B /* Release */ = {
			isa = XCBuildConfiguration;
			buildSettings = {
				CODE_SIGN_STYLE = Automatic;
				CURRENT_PROJECT_VERSION = 1;
				DEVELOPMENT_TEAM = ZRNY2B5Z2B;
				GENERATE_INFOPLIST_FILE = YES;
				MARKETING_VERSION = 1.0;
				PRODUCT_BUNDLE_IDENTIFIER = com.zlac300.UnlockFItUITests;
				PRODUCT_NAME = "$(TARGET_NAME)";
				SWIFT_EMIT_LOC_STRINGS = NO;
				SWIFT_VERSION = 5.0;
				TARGETED_DEVICE_FAMILY = "1,2";
				TEST_TARGET_NAME = UnlockFIt;
			};
			name = Release;
		};
/* End XCBuildConfiguration section */

/* Begin XCConfigurationList section */
		E29B0E102DB17BAE001ECEFC /* Build configuration list for PBXNativeTarget "UnlockFItWidgetExtension" */ = {
			isa = XCConfigurationList;
			buildConfigurations = (
				E29B0E112DB17BAE001ECEFC /* Debug */,
				E29B0E122DB17BAE001ECEFC /* Release */,
			);
			defaultConfigurationIsVisible = 0;
			defaultConfigurationName = Release;
		};
		E2C382722D019AEE00071E9B /* Build configuration list for PBXProject "UnlockFIt" */ = {
			isa = XCConfigurationList;
			buildConfigurations = (
				E2C382992D019AEF00071E9B /* Debug */,
				E2C3829A2D019AEF00071E9B /* Release */,
			);
			defaultConfigurationIsVisible = 0;
			defaultConfigurationName = Release;
		};
		E2C3829B2D019AEF00071E9B /* Build configuration list for PBXNativeTarget "UnlockFIt" */ = {
			isa = XCConfigurationList;
			buildConfigurations = (
				E2C3829C2D019AEF00071E9B /* Debug */,
				E2C3829D2D019AEF00071E9B /* Release */,
			);
			defaultConfigurationIsVisible = 0;
			defaultConfigurationName = Release;
		};
		E2C3829E2D019AEF00071E9B /* Build configuration list for PBXNativeTarget "UnlockFItTests" */ = {
			isa = XCConfigurationList;
			buildConfigurations = (
				E2C3829F2D019AEF00071E9B /* Debug */,
				E2C382A02D019AEF00071E9B /* Release */,
			);
			defaultConfigurationIsVisible = 0;
			defaultConfigurationName = Release;
		};
		E2C382A12D019AEF00071E9B /* Build configuration list for PBXNativeTarget "UnlockFItUITests" */ = {
			isa = XCConfigurationList;
			buildConfigurations = (
				E2C382A22D019AEF00071E9B /* Debug */,
				E2C382A32D019AEF00071E9B /* Release */,
			);
			defaultConfigurationIsVisible = 0;
			defaultConfigurationName = Release;
		};
/* End XCConfigurationList section */
	};
	rootObject = E2C3826F2D019AEE00071E9B /* Project object */;
}
